
Microsoft Visual Studio Solution File, Format Version 12.00
# Visual Studio Version 17
VisualStudioVersion = 17.1.32210.238
MinimumVisualStudioVersion = 10.0.40219.1
Project("{FAE04EC0-301F-11D3-BF4B-00C04F79EFBC}") = "modul5_1302204081", "modul5_1302204081\modul5_1302204081.csproj", "{C4AFDF5E-88C8-4BA6-96F4-5C1FA0152882}"
EndProject
Global
	GlobalSection(SolutionConfigurationPlatforms) = preSolution
		Debug|Any CPU = Debug|Any CPU
		Release|Any CPU = Release|Any CPU
	EndGlobalSection
	GlobalSection(ProjectConfigurationPlatforms) = postSolution
		{C4AFDF5E-88C8-4BA6-96F4-5C1FA0152882}.Debug|Any CPU.ActiveCfg = Debug|Any CPU
		{C4AFDF5E-88C8-4BA6-96F4-5C1FA0152882}.Debug|Any CPU.Build.0 = Debug|Any CPU
		{C4AFDF5E-88C8-4BA6-96F4-5C1FA0152882}.Release|Any CPU.ActiveCfg = Release|Any CPU
		{C4AFDF5E-88C8-4BA6-96F4-5C1FA0152882}.Release|Any CPU.Build.0 = Release|Any CPU
	EndGlobalSection
	GlobalSection(SolutionProperties) = preSolution
		HideSolutionNode = FALSE
	EndGlobalSection
	GlobalSection(ExtensibilityGlobals) = postSolution
		SolutionGuid = {CD17D2B3-687A-4EC5-9E0E-0CF50C2BFBF7}
	EndGlobalSection
EndGlobal
